
Microsoft Visual Studio Solution File, Format Version 12.00
# Visual Studio Version 16
VisualStudioVersion = 16.0.29102.190
MinimumVisualStudioVersion = 10.0.40219.1
Project("{9A19103F-16F7-4668-BE54-9A1E7A4F7556}") = "Psei.InterviewTask.Web", "Psei.InterviewTask.Web\Psei.InterviewTask.Web.csproj", "{3B7055A1-6BB3-4B49-B413-F4EFCDF6D292}"
EndProject
Project("{9A19103F-16F7-4668-BE54-9A1E7A4F7556}") = "Psei.InterviewTask.Tests.Unit", "Psei.InterviewTask.Tests.Unit\Psei.InterviewTask.Tests.Unit.csproj", "{C1A4C547-B4C6-4A1C-85FA-B916B616005B}"
EndProject
Global
	GlobalSection(SolutionConfigurationPlatforms) = preSolution
		Debug|Any CPU = Debug|Any CPU
		Release|Any CPU = Release|Any CPU
	EndGlobalSection
	GlobalSection(ProjectConfigurationPlatforms) = postSolution
		{3B7055A1-6BB3-4B49-B413-F4EFCDF6D292}.Debug|Any CPU.ActiveCfg = Debug|Any CPU
		{3B7055A1-6BB3-4B49-B413-F4EFCDF6D292}.Debug|Any CPU.Build.0 = Debug|Any CPU
		{3B7055A1-6BB3-4B49-B413-F4EFCDF6D292}.Release|Any CPU.ActiveCfg = Release|Any CPU
		{3B7055A1-6BB3-4B49-B413-F4EFCDF6D292}.Release|Any CPU.Build.0 = Release|Any CPU
		{C1A4C547-B4C6-4A1C-85FA-B916B616005B}.Debug|Any CPU.ActiveCfg = Debug|Any CPU
		{C1A4C547-B4C6-4A1C-85FA-B916B616005B}.Debug|Any CPU.Build.0 = Debug|Any CPU
		{C1A4C547-B4C6-4A1C-85FA-B916B616005B}.Release|Any CPU.ActiveCfg = Release|Any CPU
		{C1A4C547-B4C6-4A1C-85FA-B916B616005B}.Release|Any CPU.Build.0 = Release|Any CPU
	EndGlobalSection
	GlobalSection(SolutionProperties) = preSolution
		HideSolutionNode = FALSE
	EndGlobalSection
	GlobalSection(ExtensibilityGlobals) = postSolution
		SolutionGuid = {F8A6799E-5FE2-4224-B707-B48776281126}
	EndGlobalSection
EndGlobal
